
Microsoft Visual Studio Solution File, Format Version 12.00
# Visual Studio Version 16
VisualStudioVersion = 16.0.29728.190
MinimumVisualStudioVersion = 10.0.40219.1
Project("{FAE04EC0-301F-11D3-BF4B-00C04F79EFBC}") = "DesafioIntelectah", "DesafioIntelectah.csproj", "{EFC4C75E-1091-404E-B6C7-3D4A0B8A82A6}"
EndProject
Global
	GlobalSection(SolutionConfigurationPlatforms) = preSolution
		Debug|Any CPU = Debug|Any CPU
		Release|Any CPU = Release|Any CPU
	EndGlobalSection
	GlobalSection(ProjectConfigurationPlatforms) = postSolution
		{EFC4C75E-1091-404E-B6C7-3D4A0B8A82A6}.Debug|Any CPU.ActiveCfg = Debug|Any CPU
		{EFC4C75E-1091-404E-B6C7-3D4A0B8A82A6}.Debug|Any CPU.Build.0 = Debug|Any CPU
		{EFC4C75E-1091-404E-B6C7-3D4A0B8A82A6}.Release|Any CPU.ActiveCfg = Release|Any CPU
		{EFC4C75E-1091-404E-B6C7-3D4A0B8A82A6}.Release|Any CPU.Build.0 = Release|Any CPU
	EndGlobalSection
	GlobalSection(SolutionProperties) = preSolution
		HideSolutionNode = FALSE
	EndGlobalSection
	GlobalSection(ExtensibilityGlobals) = postSolution
		SolutionGuid = {DB43D1D1-A219-4147-A4DF-C1E911DE25C4}
	EndGlobalSection
EndGlobal
